
Microsoft Visual Studio Solution File, Format Version 12.00
# Visual Studio 2012
Project("{FAE04EC0-301F-11D3-BF4B-00C04F79EFBC}") = "SimplifiedProperties", "SimplifiedProperties\SimplifiedProperties.csproj", "{641ED918-B340-432B-A03F-18C291CDB7AB}"
EndProject
Project("{FAE04EC0-301F-11D3-BF4B-00C04F79EFBC}") = "TestSimpleConfig", "..\TestSimpleConfig\TestSimpleConfig\TestSimpleConfig.csproj", "{63827A38-2ACA-4933-B340-A0145B6180E2}"
EndProject
Global
	GlobalSection(SolutionConfigurationPlatforms) = preSolution
		Debug|Any CPU = Debug|Any CPU
		Release|Any CPU = Release|Any CPU
		Debug|x86 = Debug|x86
		Release|x86 = Release|x86
	EndGlobalSection
	GlobalSection(ProjectConfigurationPlatforms) = postSolution
		{63827A38-2ACA-4933-B340-A0145B6180E2}.Debug|Any CPU.ActiveCfg = Debug|x86
		{63827A38-2ACA-4933-B340-A0145B6180E2}.Debug|Any CPU.Build.0 = Debug|x86
		{63827A38-2ACA-4933-B340-A0145B6180E2}.Debug|x86.ActiveCfg = Debug|x86
		{63827A38-2ACA-4933-B340-A0145B6180E2}.Debug|x86.Build.0 = Debug|x86
		{63827A38-2ACA-4933-B340-A0145B6180E2}.Release|Any CPU.ActiveCfg = Release|x86
		{63827A38-2ACA-4933-B340-A0145B6180E2}.Release|Any CPU.Build.0 = Release|x86
		{63827A38-2ACA-4933-B340-A0145B6180E2}.Release|x86.ActiveCfg = Release|x86
		{63827A38-2ACA-4933-B340-A0145B6180E2}.Release|x86.Build.0 = Release|x86
		{641ED918-B340-432B-A03F-18C291CDB7AB}.Debug|Any CPU.ActiveCfg = Debug|Any CPU
		{641ED918-B340-432B-A03F-18C291CDB7AB}.Debug|Any CPU.Build.0 = Debug|Any CPU
		{641ED918-B340-432B-A03F-18C291CDB7AB}.Debug|x86.ActiveCfg = Debug|Any CPU
		{641ED918-B340-432B-A03F-18C291CDB7AB}.Debug|x86.Build.0 = Debug|Any CPU
		{641ED918-B340-432B-A03F-18C291CDB7AB}.Release|Any CPU.ActiveCfg = Release|Any CPU
		{641ED918-B340-432B-A03F-18C291CDB7AB}.Release|Any CPU.Build.0 = Release|Any CPU
		{641ED918-B340-432B-A03F-18C291CDB7AB}.Release|x86.ActiveCfg = Release|Any CPU
		{641ED918-B340-432B-A03F-18C291CDB7AB}.Release|x86.Build.0 = Release|Any CPU
	EndGlobalSection
	GlobalSection(MonoDevelopProperties) = preSolution
		StartupItem = ..\TestSimpleConfig\TestSimpleConfig\TestSimpleConfig.csproj
	EndGlobalSection
EndGlobal
